
Microsoft Visual Studio Solution File, Format Version 12.00
# Visual Studio Version 16
VisualStudioVersion = 16.0.31624.102
MinimumVisualStudioVersion = 10.0.40219.1
Project("{9A19103F-16F7-4668-BE54-9A1E7A4F7556}") = "Day1", "Day1\Day1.csproj", "{509CC876-0F7F-4892-995F-E0BDFA60E685}"
EndProject
Project("{FAE04EC0-301F-11D3-BF4B-00C04F79EFBC}") = "HelloWPF", "HelloWPF\HelloWPF.csproj", "{69E68FC9-2911-45F1-9ACC-55CBE821262F}"
EndProject
Global
	GlobalSection(SolutionConfigurationPlatforms) = preSolution
		Debug|Any CPU = Debug|Any CPU
		Release|Any CPU = Release|Any CPU
	EndGlobalSection
	GlobalSection(ProjectConfigurationPlatforms) = postSolution
		{509CC876-0F7F-4892-995F-E0BDFA60E685}.Debug|Any CPU.ActiveCfg = Debug|Any CPU
		{509CC876-0F7F-4892-995F-E0BDFA60E685}.Debug|Any CPU.Build.0 = Debug|Any CPU
		{509CC876-0F7F-4892-995F-E0BDFA60E685}.Release|Any CPU.ActiveCfg = Release|Any CPU
		{509CC876-0F7F-4892-995F-E0BDFA60E685}.Release|Any CPU.Build.0 = Release|Any CPU
		{69E68FC9-2911-45F1-9ACC-55CBE821262F}.Debug|Any CPU.ActiveCfg = Debug|Any CPU
		{69E68FC9-2911-45F1-9ACC-55CBE821262F}.Debug|Any CPU.Build.0 = Debug|Any CPU
		{69E68FC9-2911-45F1-9ACC-55CBE821262F}.Release|Any CPU.ActiveCfg = Release|Any CPU
		{69E68FC9-2911-45F1-9ACC-55CBE821262F}.Release|Any CPU.Build.0 = Release|Any CPU
	EndGlobalSection
	GlobalSection(SolutionProperties) = preSolution
		HideSolutionNode = FALSE
	EndGlobalSection
	GlobalSection(ExtensibilityGlobals) = postSolution
		SolutionGuid = {C1F21C67-C914-43E5-A125-4C3B39428B70}
	EndGlobalSection
EndGlobal
